
Microsoft Visual Studio Solution File, Format Version 12.00
# Visual Studio Version 17
VisualStudioVersion = 17.5.33516.290
MinimumVisualStudioVersion = 10.0.40219.1
Project("{FAE04EC0-301F-11D3-BF4B-00C04F79EFBC}") = "NumberToTextProject", "NumberToTextProject\NumberToTextProject.csproj", "{0A3384C7-9C54-4077-AE5C-4A3E0136C28F}"
EndProject
Global
	GlobalSection(SolutionConfigurationPlatforms) = preSolution
		Debug|Any CPU = Debug|Any CPU
		Release|Any CPU = Release|Any CPU
	EndGlobalSection
	GlobalSection(ProjectConfigurationPlatforms) = postSolution
		{0A3384C7-9C54-4077-AE5C-4A3E0136C28F}.Debug|Any CPU.ActiveCfg = Debug|Any CPU
		{0A3384C7-9C54-4077-AE5C-4A3E0136C28F}.Debug|Any CPU.Build.0 = Debug|Any CPU
		{0A3384C7-9C54-4077-AE5C-4A3E0136C28F}.Release|Any CPU.ActiveCfg = Release|Any CPU
		{0A3384C7-9C54-4077-AE5C-4A3E0136C28F}.Release|Any CPU.Build.0 = Release|Any CPU
	EndGlobalSection
	GlobalSection(SolutionProperties) = preSolution
		HideSolutionNode = FALSE
	EndGlobalSection
	GlobalSection(ExtensibilityGlobals) = postSolution
		SolutionGuid = {6635F804-0ABD-4244-A0F1-200F311C6F41}
	EndGlobalSection
EndGlobal
